lockfileVersion: '6.0'

settings:
  autoInstallPeers: true
  excludeLinksFromLockfile: false

overrides:
  package-a: workspace:^
  package-b: workspace:^

importers:

  .: {}

  packages/package-a:
    dependencies:
      package-b:
        specifier: workspace:^
        version: link:../package-b
      zod:
        specifier: ^3.25.23
        version: 3.25.23
    devDependencies:
      typescript:
        specifier: ^5.8.3
        version: 5.8.3

  packages/package-b:
    dependencies:
      zod:
        specifier: ^3.25.23
        version: 3.25.23
    devDependencies:
      typescript:
        specifier: ^5.8.3
        version: 5.8.3

packages:

  /typescript@5.8.3:
    resolution: {integrity: sha512-p1diW6TqL9L07nNxvRMM7hMMw4c5XOo/1ibL4aAIGmSAt9slTE1Xgw5KWuof2uTOvCg9BY7ZRi+GaF+7sfgPeQ==}
    engines: {node: '>=14.17'}
    hasBin: true
    dev: true

  /zod@3.25.23:
    resolution: {integrity: sha512-Od2bdMosahjSrSgJtakrwjMDb1zM1A3VIHCPGveZt/3/wlrTWBya2lmEh2OYe4OIu8mPTmmr0gnLHIWQXdtWBg==}
    dev: false
